
Microsoft Visual Studio Solution File, Format Version 12.00
# Visual Studio Version 16
VisualStudioVersion = 16.0.29613.14
MinimumVisualStudioVersion = 10.0.40219.1
Project("{FAE04EC0-301F-11D3-BF4B-00C04F79EFBC}") = "qsol.exportimport", "qsol-exportimport\qsol.exportimport.csproj", "{FCA7C115-A3DC-49B6-9B11-9B517D8DACE3}"
EndProject
Global
	GlobalSection(SolutionConfigurationPlatforms) = preSolution
		Debug|Any CPU = Debug|Any CPU
		Release|Any CPU = Release|Any CPU
	EndGlobalSection
	GlobalSection(ProjectConfigurationPlatforms) = postSolution
		{FCA7C115-A3DC-49B6-9B11-9B517D8DACE3}.Debug|Any CPU.ActiveCfg = Debug|Any CPU
		{FCA7C115-A3DC-49B6-9B11-9B517D8DACE3}.Debug|Any CPU.Build.0 = Debug|Any CPU
		{FCA7C115-A3DC-49B6-9B11-9B517D8DACE3}.Release|Any CPU.ActiveCfg = Release|Any CPU
		{FCA7C115-A3DC-49B6-9B11-9B517D8DACE3}.Release|Any CPU.Build.0 = Release|Any CPU
	EndGlobalSection
	GlobalSection(SolutionProperties) = preSolution
		HideSolutionNode = FALSE
	EndGlobalSection
	GlobalSection(ExtensibilityGlobals) = postSolution
		SolutionGuid = {B64ED36D-CEE5-4966-96B7-757A0D50716A}
	EndGlobalSection
EndGlobal
